
Microsoft Visual Studio Solution File, Format Version 10.00
# Visual Studio 2008
Project("{CC5FD16D-436D-48AD-A40C-5A424C6E3E79}") = "AzureTalk", "AzureTalk\AzureTalk.ccproj", "{EA9A64C2-3637-4E01-8800-C7FD201D35FF}"
EndProject
Project("{FAE04EC0-301F-11D3-BF4B-00C04F79EFBC}") = "AzureTalk.Service", "AzureTalk.Service\AzureTalk.Service.csproj", "{54F83B20-5AB7-4584-86D6-6B238231E49C}"
EndProject
Project("{FAE04EC0-301F-11D3-BF4B-00C04F79EFBC}") = "AzureTalk.Client", "..\..\..\Assets\CS\AzureTalk.Client.WPF\AzureTalk.Client.csproj", "{EBEA892D-7AE9-405D-BC9F-00C866647238}"
EndProject
Project("{FAE04EC0-301F-11D3-BF4B-00C04F79EFBC}") = "AzureTalk.Contract", "..\..\..\Assets\CS\AzureTalk.Contract\AzureTalk.Contract.csproj", "{B77DA726-E7B4-469B-B2CF-E62CF46B5963}"
EndProject
Global
	GlobalSection(SolutionConfigurationPlatforms) = preSolution
		Debug|Any CPU = Debug|Any CPU
		Release|Any CPU = Release|Any CPU
	EndGlobalSection
	GlobalSection(ProjectConfigurationPlatforms) = postSolution
		{EA9A64C2-3637-4E01-8800-C7FD201D35FF}.Debug|Any CPU.ActiveCfg = Debug|Any CPU
		{EA9A64C2-3637-4E01-8800-C7FD201D35FF}.Debug|Any CPU.Build.0 = Debug|Any CPU
		{EA9A64C2-3637-4E01-8800-C7FD201D35FF}.Release|Any CPU.ActiveCfg = Release|Any CPU
		{EA9A64C2-3637-4E01-8800-C7FD201D35FF}.Release|Any CPU.Build.0 = Release|Any CPU
		{54F83B20-5AB7-4584-86D6-6B238231E49C}.Debug|Any CPU.ActiveCfg = Debug|Any CPU
		{54F83B20-5AB7-4584-86D6-6B238231E49C}.Debug|Any CPU.Build.0 = Debug|Any CPU
		{54F83B20-5AB7-4584-86D6-6B238231E49C}.Release|Any CPU.ActiveCfg = Release|Any CPU
		{54F83B20-5AB7-4584-86D6-6B238231E49C}.Release|Any CPU.Build.0 = Release|Any CPU
		{EBEA892D-7AE9-405D-BC9F-00C866647238}.Debug|Any CPU.ActiveCfg = Debug|Any CPU
		{EBEA892D-7AE9-405D-BC9F-00C866647238}.Debug|Any CPU.Build.0 = Debug|Any CPU
		{EBEA892D-7AE9-405D-BC9F-00C866647238}.Release|Any CPU.ActiveCfg = Release|Any CPU
		{EBEA892D-7AE9-405D-BC9F-00C866647238}.Release|Any CPU.Build.0 = Release|Any CPU
		{B77DA726-E7B4-469B-B2CF-E62CF46B5963}.Debug|Any CPU.ActiveCfg = Debug|Any CPU
		{B77DA726-E7B4-469B-B2CF-E62CF46B5963}.Debug|Any CPU.Build.0 = Debug|Any CPU
		{B77DA726-E7B4-469B-B2CF-E62CF46B5963}.Release|Any CPU.ActiveCfg = Release|Any CPU
		{B77DA726-E7B4-469B-B2CF-E62CF46B5963}.Release|Any CPU.Build.0 = Release|Any CPU
	EndGlobalSection
	GlobalSection(SolutionProperties) = preSolution
		HideSolutionNode = FALSE
	EndGlobalSection
EndGlobal
