// !$*UTF8*$!
{
	archiveVersion = 1;
	classes = {
	};
	objectVersion = 46;
	objects = {

/* Begin PBXBuildFile section */
		3BAC20FF25A62401007B4D85 /* TableViewController.m in Sources */ = {isa = PBXBuildFile; fileRef = 3BAC20FE25A62401007B4D85 /* TableViewController.m */; };
		3BAC699425A618EA005DD561 /* main.m in Sources */ = {isa = PBXBuildFile; fileRef = 3BAC699325A618EA005DD561 /* main.m */; };
		3BAC699725A618EA005DD561 /* AppDelegate.m in Sources */ = {isa = PBXBuildFile; fileRef = 3BAC699625A618EA005DD561 /* AppDelegate.m */; };
		3BAC699A25A618EA005DD561 /* ViewController.m in Sources */ = {isa = PBXBuildFile; fileRef = 3BAC699925A618EA005DD561 /* ViewController.m */; };
		3BAC699D25A618EA005DD561 /* Main.storyboard in Resources */ = {isa = PBXBuildFile; fileRef = 3BAC699B25A618EA005DD561 /* Main.storyboard */; };
		3BAC699F25A618EA005DD561 /* Images.xcassets in Resources */ = {isa = PBXBuildFile; fileRef = 3BAC699E25A618EA005DD561 /* Images.xcassets */; };
		3BAC69A225A618EA005DD561 /* LaunchScreen.xib in Resources */ = {isa = PBXBuildFile; fileRef = 3BAC69A025A618EA005DD561 /* LaunchScreen.xib */; };
		3BAC69AE25A618EA005DD561 /* StudentScoreTests.m in Sources */ = {isa = PBXBuildFile; fileRef = 3BAC69AD25A618EA005DD561 /* StudentScoreTests.m */; };
		3BAC69B925A61954005DD561 /* Student.m in Sources */ = {isa = PBXBuildFile; fileRef = 3BAC69B825A61954005DD561 /* Student.m */; };
/* End PBXBuildFile section */

/* Begin PBXContainerItemProxy section */
		3BAC69A825A618EA005DD561 /* PBXContainerItemProxy */ = {
			isa = PBXContainerItemProxy;
			containerPortal = 3BAC698625A618EA005DD561 /* Project object */;
			proxyType = 1;
			remoteGlobalIDString = 3BAC698D25A618EA005DD561;
			remoteInfo = StudentScore;
		};
/* End PBXContainerItemProxy section */

/* Begin PBXFileReference section */
		3BAC20FD25A62401007B4D85 /* TableViewController.h */ = {isa = PBXFileReference; fileEncoding = 4; lastKnownFileType = sourcecode.c.h; path = TableViewController.h; sourceTree = "<group>"; };
		3BAC20FE25A62401007B4D85 /* TableViewController.m */ = {isa = PBXFileReference; fileEncoding = 4; lastKnownFileType = sourcecode.c.objc; path = TableViewController.m; sourceTree = "<group>"; };
		3BAC698E25A618EA005DD561 /* StudentScore.app */ = {isa = PBXFileReference; explicitFileType = wrapper.application; includeInIndex = 0; path = StudentScore.app; sourceTree = BUILT_PRODUCTS_DIR; };
		3BAC699225A618EA005DD561 /* Info.plist */ = {isa = PBXFileReference; lastKnownFileType = text.plist.xml; path = Info.plist; sourceTree = "<group>"; };
		3BAC699325A618EA005DD561 /* main.m */ = {isa = PBXFileReference; lastKnownFileType = sourcecode.c.objc; path = main.m; sourceTree = "<group>"; };
		3BAC699525A618EA005DD561 /* AppDelegate.h */ = {isa = PBXFileReference; lastKnownFileType = sourcecode.c.h; path = AppDelegate.h; sourceTree = "<group>"; };
		3BAC699625A618EA005DD561 /* AppDelegate.m */ = {isa = PBXFileReference; lastKnownFileType = sourcecode.c.objc; path = AppDelegate.m; sourceTree = "<group>"; };
		3BAC699825A618EA005DD561 /* ViewController.h */ = {isa = PBXFileReference; lastKnownFileType = sourcecode.c.h; path = ViewController.h; sourceTree = "<group>"; };
		3BAC699925A618EA005DD561 /* ViewController.m */ = {isa = PBXFileReference; lastKnownFileType = sourcecode.c.objc; path = ViewController.m; sourceTree = "<group>"; };
		3BAC699C25A618EA005DD561 /* Base */ = {isa = PBXFileReference; lastKnownFileType = file.storyboard; name = Base; path = Base.lproj/Main.storyboard; sourceTree = "<group>"; };
		3BAC699E25A618EA005DD561 /* Images.xcassets */ = {isa = PBXFileReference; lastKnownFileType = folder.assetcatalog; path = Images.xcassets; sourceTree = "<group>"; };
		3BAC69A125A618EA005DD561 /* Base */ = {isa = PBXFileReference; lastKnownFileType = file.xib; name = Base; path = Base.lproj/LaunchScreen.xib; sourceTree = "<group>"; };
		3BAC69A725A618EA005DD561 /* StudentScoreTests.xctest */ = {isa = PBXFileReference; explicitFileType = wrapper.cfbundle; includeInIndex = 0; path = StudentScoreTests.xctest; sourceTree = BUILT_PRODUCTS_DIR; };
		3BAC69AC25A618EA005DD561 /* Info.plist */ = {isa = PBXFileReference; lastKnownFileType = text.plist.xml; path = Info.plist; sourceTree = "<group>"; };
		3BAC69AD25A618EA005DD561 /* StudentScoreTests.m */ = {isa = PBXFileReference; lastKnownFileType = sourcecode.c.objc; path = StudentScoreTests.m; sourceTree = "<group>"; };
		3BAC69B725A61954005DD561 /* Student.h */ = {isa = PBXFileReference; fileEncoding = 4; lastKnownFileType = sourcecode.c.h; path = Student.h; sourceTree = "<group>"; };
		3BAC69B825A61954005DD561 /* Student.m */ = {isa = PBXFileReference; fileEncoding = 4; lastKnownFileType = sourcecode.c.objc; path = Student.m; sourceTree = "<group>"; };
/* End PBXFileReference section */

/* Begin PBXFrameworksBuildPhase section */
		3BAC698B25A618EA005DD561 /* Frameworks */ = {
			isa = PBXFrameworksBuildPhase;
			buildActionMask = 2147483647;
			files = (
			);
			runOnlyForDeploymentPostprocessing = 0;
		};
		3BAC69A425A618EA005DD561 /* Frameworks */ = {
			isa = PBXFrameworksBuildPhase;
			buildActionMask = 2147483647;
			files = (
			);
			runOnlyForDeploymentPostprocessing = 0;
		};
/* End PBXFrameworksBuildPhase section */

/* Begin PBXGroup section */
		3BAC698525A618EA005DD561 = {
			isa = PBXGroup;
			children = (
				3BAC699025A618EA005DD561 /* StudentScore */,
				3BAC69AA25A618EA005DD561 /* StudentScoreTests */,
				3BAC698F25A618EA005DD561 /* Products */,
			);
			sourceTree = "<group>";
		};
		3BAC698F25A618EA005DD561 /* Products */ = {
			isa = PBXGroup;
			children = (
				3BAC698E25A618EA005DD561 /* StudentScore.app */,
				3BAC69A725A618EA005DD561 /* StudentScoreTests.xctest */,
			);
			name = Products;
			sourceTree = "<group>";
		};
		3BAC699025A618EA005DD561 /* StudentScore */ = {
			isa = PBXGroup;
			children = (
				3BAC699525A618EA005DD561 /* AppDelegate.h */,
				3BAC699625A618EA005DD561 /* AppDelegate.m */,
				3BAC699825A618EA005DD561 /* ViewController.h */,
				3BAC699925A618EA005DD561 /* ViewController.m */,
				3BAC699B25A618EA005DD561 /* Main.storyboard */,
				3BAC699E25A618EA005DD561 /* Images.xcassets */,
				3BAC69A025A618EA005DD561 /* LaunchScreen.xib */,
				3BAC699125A618EA005DD561 /* Supporting Files */,
				3BAC69BA25A6195F005DD561 /* model */,
				3BAC20FD25A62401007B4D85 /* TableViewController.h */,
				3BAC20FE25A62401007B4D85 /* TableViewController.m */,
			);
			path = StudentScore;
			sourceTree = "<group>";
		};
		3BAC699125A618EA005DD561 /* Supporting Files */ = {
			isa = PBXGroup;
			children = (
				3BAC699225A618EA005DD561 /* Info.plist */,
				3BAC699325A618EA005DD561 /* main.m */,
			);
			name = "Supporting Files";
			sourceTree = "<group>";
		};
		3BAC69AA25A618EA005DD561 /* StudentScoreTests */ = {
			isa = PBXGroup;
			children = (
				3BAC69AD25A618EA005DD561 /* StudentScoreTests.m */,
				3BAC69AB25A618EA005DD561 /* Supporting Files */,
			);
			path = StudentScoreTests;
			sourceTree = "<group>";
		};
		3BAC69AB25A618EA005DD561 /* Supporting Files */ = {
			isa = PBXGroup;
			children = (
				3BAC69AC25A618EA005DD561 /* Info.plist */,
			);
			name = "Supporting Files";
			sourceTree = "<group>";
		};
		3BAC69BA25A6195F005DD561 /* model */ = {
			isa = PBXGroup;
			children = (
				3BAC69B725A61954005DD561 /* Student.h */,
				3BAC69B825A61954005DD561 /* Student.m */,
			);
			name = model;
			sourceTree = "<group>";
		};
/* End PBXGroup section */

/* Begin PBXNativeTarget section */
		3BAC698D25A618EA005DD561 /* StudentScore */ = {
			isa = PBXNativeTarget;
			buildConfigurationList = 3BAC69B125A618EA005DD561 /* Build configuration list for PBXNativeTarget "StudentScore" */;
			buildPhases = (
				3BAC698A25A618EA005DD561 /* Sources */,
				3BAC698B25A618EA005DD561 /* Frameworks */,
				3BAC698C25A618EA005DD561 /* Resources */,
			);
			buildRules = (
			);
			dependencies = (
			);
			name = StudentScore;
			productName = StudentScore;
			productReference = 3BAC698E25A618EA005DD561 /* StudentScore.app */;
			productType = "com.apple.product-type.application";
		};
		3BAC69A625A618EA005DD561 /* StudentScoreTests */ = {
			isa = PBXNativeTarget;
			buildConfigurationList = 3BAC69B425A618EA005DD561 /* Build configuration list for PBXNativeTarget "StudentScoreTests" */;
			buildPhases = (
				3BAC69A325A618EA005DD561 /* Sources */,
				3BAC69A425A618EA005DD561 /* Frameworks */,
				3BAC69A525A618EA005DD561 /* Resources */,
			);
			buildRules = (
			);
			dependencies = (
				3BAC69A925A618EA005DD561 /* PBXTargetDependency */,
			);
			name = StudentScoreTests;
			productName = StudentScoreTests;
			productReference = 3BAC69A725A618EA005DD561 /* StudentScoreTests.xctest */;
			productType = "com.apple.product-type.bundle.unit-test";
		};
/* End PBXNativeTarget section */

/* Begin PBXProject section */
		3BAC698625A618EA005DD561 /* Project object */ = {
			isa = PBXProject;
			attributes = {
				LastUpgradeCheck = 0610;
				ORGANIZATIONNAME = Jairzhu;
				TargetAttributes = {
					3BAC698D25A618EA005DD561 = {
						CreatedOnToolsVersion = 6.1;
					};
					3BAC69A625A618EA005DD561 = {
						CreatedOnToolsVersion = 6.1;
						TestTargetID = 3BAC698D25A618EA005DD561;
					};
				};
			};
			buildConfigurationList = 3BAC698925A618EA005DD561 /* Build configuration list for PBXProject "StudentScore" */;
			compatibilityVersion = "Xcode 3.2";
			developmentRegion = English;
			hasScannedForEncodings = 0;
			knownRegions = (
				en,
				Base,
			);
			mainGroup = 3BAC698525A618EA005DD561;
			productRefGroup = 3BAC698F25A618EA005DD561 /* Products */;
			projectDirPath = "";
			projectRoot = "";
			targets = (
				3BAC698D25A618EA005DD561 /* StudentScore */,
				3BAC69A625A618EA005DD561 /* StudentScoreTests */,
			);
		};
/* End PBXProject section */

/* Begin PBXResourcesBuildPhase section */
		3BAC698C25A618EA005DD561 /* Resources */ = {
			isa = PBXResourcesBuildPhase;
			buildActionMask = 2147483647;
			files = (
				3BAC699D25A618EA005DD561 /* Main.storyboard in Resources */,
				3BAC69A225A618EA005DD561 /* LaunchScreen.xib in Resources */,
				3BAC699F25A618EA005DD561 /* Images.xcassets in Resources */,
			);
			runOnlyForDeploymentPostprocessing = 0;
		};
		3BAC69A525A618EA005DD561 /* Resources */ = {
			isa = PBXResourcesBuildPhase;
			buildActionMask = 2147483647;
			files = (
			);
			runOnlyForDeploymentPostprocessing = 0;
		};
/* End PBXResourcesBuildPhase section */

/* Begin PBXSourcesBuildPhase section */
		3BAC698A25A618EA005DD561 /* Sources */ = {
			isa = PBXSourcesBuildPhase;
			buildActionMask = 2147483647;
			files = (
				3BAC699A25A618EA005DD561 /* ViewController.m in Sources */,
				3BAC699725A618EA005DD561 /* AppDelegate.m in Sources */,
				3BAC699425A618EA005DD561 /* main.m in Sources */,
				3BAC20FF25A62401007B4D85 /* TableViewController.m in Sources */,
				3BAC69B925A61954005DD561 /* Student.m in Sources */,
			);
			runOnlyForDeploymentPostprocessing = 0;
		};
		3BAC69A325A618EA005DD561 /* Sources */ = {
			isa = PBXSourcesBuildPhase;
			buildActionMask = 2147483647;
			files = (
				3BAC69AE25A618EA005DD561 /* StudentScoreTests.m in Sources */,
			);
			runOnlyForDeploymentPostprocessing = 0;
		};
/* End PBXSourcesBuildPhase section */

/* Begin PBXTargetDependency section */
		3BAC69A925A618EA005DD561 /* PBXTargetDependency */ = {
			isa = PBXTargetDependency;
			target = 3BAC698D25A618EA005DD561 /* StudentScore */;
			targetProxy = 3BAC69A825A618EA005DD561 /* PBXContainerItemProxy */;
		};
/* End PBXTargetDependency section */

/* Begin PBXVariantGroup section */
		3BAC699B25A618EA005DD561 /* Main.storyboard */ = {
			isa = PBXVariantGroup;
			children = (
				3BAC699C25A618EA005DD561 /* Base */,
			);
			name = Main.storyboard;
			sourceTree = "<group>";
		};
		3BAC69A025A618EA005DD561 /* LaunchScreen.xib */ = {
			isa = PBXVariantGroup;
			children = (
				3BAC69A125A618EA005DD561 /* Base */,
			);
			name = LaunchScreen.xib;
			sourceTree = "<group>";
		};
/* End PBXVariantGroup section */

/* Begin XCBuildConfiguration section */
		3BAC69AF25A618EA005DD561 /* Debug */ = {
			isa = XCBuildConfiguration;
			buildSettings = {
				ALWAYS_SEARCH_USER_PATHS = NO;
				CLANG_CXX_LANGUAGE_STANDARD = "gnu++0x";
				CLANG_CXX_LIBRARY = "libc++";
				CLANG_ENABLE_MODULES = YES;
				CLANG_ENABLE_OBJC_ARC = YES;
				CLANG_WARN_BOOL_CONVERSION = YES;
				CLANG_WARN_CONSTANT_CONVERSION = YES;
				CLANG_WARN_DIRECT_OBJC_ISA_USAGE = YES_ERROR;
				CLANG_WARN_EMPTY_BODY = YES;
				CLANG_WARN_ENUM_CONVERSION = YES;
				CLANG_WARN_INT_CONVERSION = YES;
				CLANG_WARN_OBJC_ROOT_CLASS = YES_ERROR;
				CLANG_WARN_UNREACHABLE_CODE = YES;
				CLANG_WARN__DUPLICATE_METHOD_MATCH = YES;
				"CODE_SIGN_IDENTITY[sdk=iphoneos*]" = "iPhone Developer";
				COPY_PHASE_STRIP = NO;
				ENABLE_STRICT_OBJC_MSGSEND = YES;
				GCC_C_LANGUAGE_STANDARD = gnu99;
				GCC_DYNAMIC_NO_PIC = NO;
				GCC_OPTIMIZATION_LEVEL = 0;
				GCC_PREPROCESSOR_DEFINITIONS = (
					"DEBUG=1",
					"$(inherited)",
				);
				GCC_SYMBOLS_PRIVATE_EXTERN = NO;
				GCC_WARN_64_TO_32_BIT_CONVERSION = YES;
				GCC_WARN_ABOUT_RETURN_TYPE = YES_ERROR;
				GCC_WARN_UNDECLARED_SELECTOR = YES;
				GCC_WARN_UNINITIALIZED_AUTOS = YES_AGGRESSIVE;
				GCC_WARN_UNUSED_FUNCTION = YES;
				GCC_WARN_UNUSED_VARIABLE = YES;
				IPHONEOS_DEPLOYMENT_TARGET = 8.1;
				MTL_ENABLE_DEBUG_INFO = YES;
				ONLY_ACTIVE_ARCH = YES;
				SDKROOT = iphoneos;
			};
			name = Debug;
		};
		3BAC69B025A618EA005DD561 /* Release */ = {
			isa = XCBuildConfiguration;
			buildSettings = {
				ALWAYS_SEARCH_USER_PATHS = NO;
				CLANG_CXX_LANGUAGE_STANDARD = "gnu++0x";
				CLANG_CXX_LIBRARY = "libc++";
				CLANG_ENABLE_MODULES = YES;
				CLANG_ENABLE_OBJC_ARC = YES;
				CLANG_WARN_BOOL_CONVERSION = YES;
				CLANG_WARN_CONSTANT_CONVERSION = YES;
				CLANG_WARN_DIRECT_OBJC_ISA_USAGE = YES_ERROR;
				CLANG_WARN_EMPTY_BODY = YES;
				CLANG_WARN_ENUM_CONVERSION = YES;
				CLANG_WARN_INT_CONVERSION = YES;
				CLANG_WARN_OBJC_ROOT_CLASS = YES_ERROR;
				CLANG_WARN_UNREACHABLE_CODE = YES;
				CLANG_WARN__DUPLICATE_METHOD_MATCH = YES;
				"CODE_SIGN_IDENTITY[sdk=iphoneos*]" = "iPhone Developer";
				COPY_PHASE_STRIP = YES;
				ENABLE_NS_ASSERTIONS = NO;
				ENABLE_STRICT_OBJC_MSGSEND = YES;
				GCC_C_LANGUAGE_STANDARD = gnu99;
				GCC_WARN_64_TO_32_BIT_CONVERSION = YES;
				GCC_WARN_ABOUT_RETURN_TYPE = YES_ERROR;
				GCC_WARN_UNDECLARED_SELECTOR = YES;
				GCC_WARN_UNINITIALIZED_AUTOS = YES_AGGRESSIVE;
				GCC_WARN_UNUSED_FUNCTION = YES;
				GCC_WARN_UNUSED_VARIABLE = YES;
				IPHONEOS_DEPLOYMENT_TARGET = 8.1;
				MTL_ENABLE_DEBUG_INFO = NO;
				SDKROOT = iphoneos;
				VALIDATE_PRODUCT = YES;
			};
			name = Release;
		};
		3BAC69B225A618EA005DD561 /* Debug */ = {
			isa = XCBuildConfiguration;
			buildSettings = {
				ASSETCATALOG_COMPILER_APPICON_NAME = AppIcon;
				INFOPLIST_FILE = StudentScore/Info.plist;
				LD_RUNPATH_SEARCH_PATHS = "$(inherited) @executable_path/Frameworks";
				PRODUCT_NAME = "$(TARGET_NAME)";
			};
			name = Debug;
		};
		3BAC69B325A618EA005DD561 /* Release */ = {
			isa = XCBuildConfiguration;
			buildSettings = {
				ASSETCATALOG_COMPILER_APPICON_NAME = AppIcon;
				INFOPLIST_FILE = StudentScore/Info.plist;
				LD_RUNPATH_SEARCH_PATHS = "$(inherited) @executable_path/Frameworks";
				PRODUCT_NAME = "$(TARGET_NAME)";
			};
			name = Release;
		};
		3BAC69B525A618EA005DD561 /* Debug */ = {
			isa = XCBuildConfiguration;
			buildSettings = {
				BUNDLE_LOADER = "$(TEST_HOST)";
				FRAMEWORK_SEARCH_PATHS = (
					"$(SDKROOT)/Developer/Library/Frameworks",
					"$(inherited)",
				);
				GCC_PREPROCESSOR_DEFINITIONS = (
					"DEBUG=1",
					"$(inherited)",
				);
				INFOPLIST_FILE = StudentScoreTests/Info.plist;
				LD_RUNPATH_SEARCH_PATHS = "$(inherited) @executable_path/Frameworks @loader_path/Frameworks";
				PRODUCT_NAME = "$(TARGET_NAME)";
				TEST_HOST = "$(BUILT_PRODUCTS_DIR)/StudentScore.app/StudentScore";
			};
			name = Debug;
		};
		3BAC69B625A618EA005DD561 /* Release */ = {
			isa = XCBuildConfiguration;
			buildSettings = {
				BUNDLE_LOADER = "$(TEST_HOST)";
				FRAMEWORK_SEARCH_PATHS = (
					"$(SDKROOT)/Developer/Library/Frameworks",
					"$(inherited)",
				);
				INFOPLIST_FILE = StudentScoreTests/Info.plist;
				LD_RUNPATH_SEARCH_PATHS = "$(inherited) @executable_path/Frameworks @loader_path/Frameworks";
				PRODUCT_NAME = "$(TARGET_NAME)";
				TEST_HOST = "$(BUILT_PRODUCTS_DIR)/StudentScore.app/StudentScore";
			};
			name = Release;
		};
/* End XCBuildConfiguration section */

/* Begin XCConfigurationList section */
		3BAC698925A618EA005DD561 /* Build configuration list for PBXProject "StudentScore" */ = {
			isa = XCConfigurationList;
			buildConfigurations = (
				3BAC69AF25A618EA005DD561 /* Debug */,
				3BAC69B025A618EA005DD561 /* Release */,
			);
			defaultConfigurationIsVisible = 0;
			defaultConfigurationName = Release;
		};
		3BAC69B125A618EA005DD561 /* Build configuration list for PBXNativeTarget "StudentScore" */ = {
			isa = XCConfigurationList;
			buildConfigurations = (
				3BAC69B225A618EA005DD561 /* Debug */,
				3BAC69B325A618EA005DD561 /* Release */,
			);
			defaultConfigurationIsVisible = 0;
			defaultConfigurationName = Release;
		};
		3BAC69B425A618EA005DD561 /* Build configuration list for PBXNativeTarget "StudentScoreTests" */ = {
			isa = XCConfigurationList;
			buildConfigurations = (
				3BAC69B525A618EA005DD561 /* Debug */,
				3BAC69B625A618EA005DD561 /* Release */,
			);
			defaultConfigurationIsVisible = 0;
			defaultConfigurationName = Release;
		};
/* End XCConfigurationList section */
	};
	rootObject = 3BAC698625A618EA005DD561 /* Project object */;
}
